// !$*UTF8*$!
{
	archiveVersion = 1;
	classes = {
	};
	objectVersion = 55;
	objects = {

/* Begin PBXBuildFile section */
		04272A22287CCC7900125A6C /* ModuleBuilder.swift in Sources */ = {isa = PBXBuildFile; fileRef = 04272A21287CCC7900125A6C /* ModuleBuilder.swift */; };
		04863731287B40170056D9CE /* AppDelegate.swift in Sources */ = {isa = PBXBuildFile; fileRef = 04863730287B40170056D9CE /* AppDelegate.swift */; };
		04863735287B40170056D9CE /* ProfileListViewController.swift in Sources */ = {isa = PBXBuildFile; fileRef = 04863734287B40170056D9CE /* ProfileListViewController.swift */; };
		04863738287B40170056D9CE /* Main.storyboard in Resources */ = {isa = PBXBuildFile; fileRef = 04863736287B40170056D9CE /* Main.storyboard */; };
		0486373B287B40180056D9CE /* SavingProfileList.xcdatamodeld in Sources */ = {isa = PBXBuildFile; fileRef = 04863739287B40180056D9CE /* SavingProfileList.xcdatamodeld */; };
		0486373D287B40190056D9CE /* Assets.xcassets in Resources */ = {isa = PBXBuildFile; fileRef = 0486373C287B40190056D9CE /* Assets.xcassets */; };
		04863740287B40190056D9CE /* LaunchScreen.storyboard in Resources */ = {isa = PBXBuildFile; fileRef = 0486373E287B40190056D9CE /* LaunchScreen.storyboard */; };
		04863758287B6A200056D9CE /* Profile+CoreDataClass.swift in Sources */ = {isa = PBXBuildFile; fileRef = 04863756287B6A200056D9CE /* Profile+CoreDataClass.swift */; };
		04863759287B6A200056D9CE /* Profile+CoreDataProperties.swift in Sources */ = {isa = PBXBuildFile; fileRef = 04863757287B6A200056D9CE /* Profile+CoreDataProperties.swift */; };
		0486375D287C57A60056D9CE /* StorageService.swift in Sources */ = {isa = PBXBuildFile; fileRef = 0486375C287C57A60056D9CE /* StorageService.swift */; };
		0486375F287C6D140056D9CE /* ProfileListPresenter.swift in Sources */ = {isa = PBXBuildFile; fileRef = 0486375E287C6D140056D9CE /* ProfileListPresenter.swift */; };
/* End PBXBuildFile section */

/* Begin PBXFileReference section */
		04272A21287CCC7900125A6C /* ModuleBuilder.swift */ = {isa = PBXFileReference; lastKnownFileType = sourcecode.swift; path = ModuleBuilder.swift; sourceTree = "<group>"; };
		0486372D287B40170056D9CE /* SavingProfileList.app */ = {isa = PBXFileReference; explicitFileType = wrapper.application; includeInIndex = 0; path = SavingProfileList.app; sourceTree = BUILT_PRODUCTS_DIR; };
		04863730287B40170056D9CE /* AppDelegate.swift */ = {isa = PBXFileReference; lastKnownFileType = sourcecode.swift; path = AppDelegate.swift; sourceTree = "<group>"; };
		04863734287B40170056D9CE /* ProfileListViewController.swift */ = {isa = PBXFileReference; lastKnownFileType = sourcecode.swift; path = ProfileListViewController.swift; sourceTree = "<group>"; };
		04863737287B40170056D9CE /* Base */ = {isa = PBXFileReference; lastKnownFileType = file.storyboard; name = Base; path = Base.lproj/Main.storyboard; sourceTree = "<group>"; };
		0486373A287B40180056D9CE /* SavingProfileList.xcdatamodel */ = {isa = PBXFileReference; lastKnownFileType = wrapper.xcdatamodel; path = SavingProfileList.xcdatamodel; sourceTree = "<group>"; };
		0486373C287B40190056D9CE /* Assets.xcassets */ = {isa = PBXFileReference; lastKnownFileType = folder.assetcatalog; path = Assets.xcassets; sourceTree = "<group>"; };
		0486373F287B40190056D9CE /* Base */ = {isa = PBXFileReference; lastKnownFileType = file.storyboard; name = Base; path = Base.lproj/LaunchScreen.storyboard; sourceTree = "<group>"; };
		04863741287B40190056D9CE /* Info.plist */ = {isa = PBXFileReference; lastKnownFileType = text.plist.xml; path = Info.plist; sourceTree = "<group>"; };
		04863756287B6A200056D9CE /* Profile+CoreDataClass.swift */ = {isa = PBXFileReference; lastKnownFileType = sourcecode.swift; path = "Profile+CoreDataClass.swift"; sourceTree = "<group>"; };
		04863757287B6A200056D9CE /* Profile+CoreDataProperties.swift */ = {isa = PBXFileReference; lastKnownFileType = sourcecode.swift; path = "Profile+CoreDataProperties.swift"; sourceTree = "<group>"; };
		0486375C287C57A60056D9CE /* StorageService.swift */ = {isa = PBXFileReference; lastKnownFileType = sourcecode.swift; path = StorageService.swift; sourceTree = "<group>"; };
		0486375E287C6D140056D9CE /* ProfileListPresenter.swift */ = {isa = PBXFileReference; lastKnownFileType = sourcecode.swift; path = ProfileListPresenter.swift; sourceTree = "<group>"; };
/* End PBXFileReference section */

/* Begin PBXFrameworksBuildPhase section */
		0486372A287B40170056D9CE /* Frameworks */ = {
			isa = PBXFrameworksBuildPhase;
			buildActionMask = 2147483647;
			files = (
			);
			runOnlyForDeploymentPostprocessing = 0;
		};
/* End PBXFrameworksBuildPhase section */

/* Begin PBXGroup section */
		04863724287B40170056D9CE = {
			isa = PBXGroup;
			children = (
				0486372F287B40170056D9CE /* SavingProfileList */,
				0486372E287B40170056D9CE /* Products */,
			);
			sourceTree = "<group>";
		};
		0486372E287B40170056D9CE /* Products */ = {
			isa = PBXGroup;
			children = (
				0486372D287B40170056D9CE /* SavingProfileList.app */,
			);
			name = Products;
			sourceTree = "<group>";
		};
		0486372F287B40170056D9CE /* SavingProfileList */ = {
			isa = PBXGroup;
			children = (
				04863748287B43130056D9CE /* Sources */,
				0486374D287B43A70056D9CE /* Resources */,
			);
			path = SavingProfileList;
			sourceTree = "<group>";
		};
		04863747287B42E50056D9CE /* Model */ = {
			isa = PBXGroup;
			children = (
				04863756287B6A200056D9CE /* Profile+CoreDataClass.swift */,
				04863757287B6A200056D9CE /* Profile+CoreDataProperties.swift */,
			);
			path = Model;
			sourceTree = "<group>";
		};
		04863748287B43130056D9CE /* Sources */ = {
			isa = PBXGroup;
			children = (
				04863749287B43180056D9CE /* App */,
				0486374A287B43440056D9CE /* MVP */,
			);
			path = Sources;
			sourceTree = "<group>";
		};
		04863749287B43180056D9CE /* App */ = {
			isa = PBXGroup;
			children = (
				04863730287B40170056D9CE /* AppDelegate.swift */,
			);
			path = App;
			sourceTree = "<group>";
		};
		0486374A287B43440056D9CE /* MVP */ = {
			isa = PBXGroup;
			children = (
				04863760287CCB4C0056D9CE /* ModuleBuilder */,
				0486375A287C571F0056D9CE /* ProfileListModule */,
				04863747287B42E50056D9CE /* Model */,
				0486375B287C57900056D9CE /* Services */,
			);
			path = MVP;
			sourceTree = "<group>";
		};
		0486374B287B43590056D9CE /* View */ = {
			isa = PBXGroup;
			children = (
				04863734287B40170056D9CE /* ProfileListViewController.swift */,
			);
			path = View;
			sourceTree = "<group>";
		};
		0486374C287B435F0056D9CE /* Presenter */ = {
			isa = PBXGroup;
			children = (
				0486375E287C6D140056D9CE /* ProfileListPresenter.swift */,
			);
			path = Presenter;
			sourceTree = "<group>";
		};
		0486374D287B43A70056D9CE /* Resources */ = {
			isa = PBXGroup;
			children = (
				04863739287B40180056D9CE /* SavingProfileList.xcdatamodeld */,
				04863741287B40190056D9CE /* Info.plist */,
				0486373E287B40190056D9CE /* LaunchScreen.storyboard */,
				0486373C287B40190056D9CE /* Assets.xcassets */,
				04863736287B40170056D9CE /* Main.storyboard */,
			);
			path = Resources;
			sourceTree = "<group>";
		};
		0486375A287C571F0056D9CE /* ProfileListModule */ = {
			isa = PBXGroup;
			children = (
				0486374C287B435F0056D9CE /* Presenter */,
				0486374B287B43590056D9CE /* View */,
			);
			path = ProfileListModule;
			sourceTree = "<group>";
		};
		0486375B287C57900056D9CE /* Services */ = {
			isa = PBXGroup;
			children = (
				0486375C287C57A60056D9CE /* StorageService.swift */,
			);
			path = Services;
			sourceTree = "<group>";
		};
		04863760287CCB4C0056D9CE /* ModuleBuilder */ = {
			isa = PBXGroup;
			children = (
				04272A21287CCC7900125A6C /* ModuleBuilder.swift */,
			);
			path = ModuleBuilder;
			sourceTree = "<group>";
		};
/* End PBXGroup section */

/* Begin PBXNativeTarget section */
		0486372C287B40170056D9CE /* SavingProfileList */ = {
			isa = PBXNativeTarget;
			buildConfigurationList = 04863744287B40190056D9CE /* Build configuration list for PBXNativeTarget "SavingProfileList" */;
			buildPhases = (
				04863729287B40170056D9CE /* Sources */,
				0486372A287B40170056D9CE /* Frameworks */,
				0486372B287B40170056D9CE /* Resources */,
			);
			buildRules = (
			);
			dependencies = (
			);
			name = SavingProfileList;
			productName = SavingProfileList;
			productReference = 0486372D287B40170056D9CE /* SavingProfileList.app */;
			productType = "com.apple.product-type.application";
		};
/* End PBXNativeTarget section */

/* Begin PBXProject section */
		04863725287B40170056D9CE /* Project object */ = {
			isa = PBXProject;
			attributes = {
				BuildIndependentTargetsInParallel = 1;
				LastSwiftUpdateCheck = 1340;
				LastUpgradeCheck = 1340;
				TargetAttributes = {
					0486372C287B40170056D9CE = {
						CreatedOnToolsVersion = 13.4.1;
					};
				};
			};
			buildConfigurationList = 04863728287B40170056D9CE /* Build configuration list for PBXProject "SavingProfileList" */;
			compatibilityVersion = "Xcode 13.0";
			developmentRegion = en;
			hasScannedForEncodings = 0;
			knownRegions = (
				en,
				Base,
			);
			mainGroup = 04863724287B40170056D9CE;
			productRefGroup = 0486372E287B40170056D9CE /* Products */;
			projectDirPath = "";
			projectRoot = "";
			targets = (
				0486372C287B40170056D9CE /* SavingProfileList */,
			);
		};
/* End PBXProject section */

/* Begin PBXResourcesBuildPhase section */
		0486372B287B40170056D9CE /* Resources */ = {
			isa = PBXResourcesBuildPhase;
			buildActionMask = 2147483647;
			files = (
				04863740287B40190056D9CE /* LaunchScreen.storyboard in Resources */,
				0486373D287B40190056D9CE /* Assets.xcassets in Resources */,
				04863738287B40170056D9CE /* Main.storyboard in Resources */,
			);
			runOnlyForDeploymentPostprocessing = 0;
		};
/* End PBXResourcesBuildPhase section */

/* Begin PBXSourcesBuildPhase section */
		04863729287B40170056D9CE /* Sources */ = {
			isa = PBXSourcesBuildPhase;
			buildActionMask = 2147483647;
			files = (
				04863735287B40170056D9CE /* ProfileListViewController.swift in Sources */,
				0486375F287C6D140056D9CE /* ProfileListPresenter.swift in Sources */,
				0486375D287C57A60056D9CE /* StorageService.swift in Sources */,
				04272A22287CCC7900125A6C /* ModuleBuilder.swift in Sources */,
				04863731287B40170056D9CE /* AppDelegate.swift in Sources */,
				04863759287B6A200056D9CE /* Profile+CoreDataProperties.swift in Sources */,
				0486373B287B40180056D9CE /* SavingProfileList.xcdatamodeld in Sources */,
				04863758287B6A200056D9CE /* Profile+CoreDataClass.swift in Sources */,
			);
			runOnlyForDeploymentPostprocessing = 0;
		};
/* End PBXSourcesBuildPhase section */

/* Begin PBXVariantGroup section */
		04863736287B40170056D9CE /* Main.storyboard */ = {
			isa = PBXVariantGroup;
			children = (
				04863737287B40170056D9CE /* Base */,
			);
			name = Main.storyboard;
			sourceTree = "<group>";
		};
		0486373E287B40190056D9CE /* LaunchScreen.storyboard */ = {
			isa = PBXVariantGroup;
			children = (
				0486373F287B40190056D9CE /* Base */,
			);
			name = LaunchScreen.storyboard;
			sourceTree = "<group>";
		};
/* End PBXVariantGroup section */

/* Begin XCBuildConfiguration section */
		04863742287B40190056D9CE /* Debug */ = {
			isa = XCBuildConfiguration;
			buildSettings = {
				ALWAYS_SEARCH_USER_PATHS = NO;
				CLANG_ANALYZER_NONNULL = YES;
				CLANG_ANALYZER_NUMBER_OBJECT_CONVERSION = YES_AGGRESSIVE;
				CLANG_CXX_LANGUAGE_STANDARD = "gnu++17";
				CLANG_ENABLE_MODULES = YES;
				CLANG_ENABLE_OBJC_ARC = YES;
				CLANG_ENABLE_OBJC_WEAK = YES;
				CLANG_WARN_BLOCK_CAPTURE_AUTORELEASING = YES;
				CLANG_WARN_BOOL_CONVERSION = YES;
				CLANG_WARN_COMMA = YES;
				CLANG_WARN_CONSTANT_CONVERSION = YES;
				CLANG_WARN_DEPRECATED_OBJC_IMPLEMENTATIONS = YES;
				CLANG_WARN_DIRECT_OBJC_ISA_USAGE = YES_ERROR;
				CLANG_WARN_DOCUMENTATION_COMMENTS = YES;
				CLANG_WARN_EMPTY_BODY = YES;
				CLANG_WARN_ENUM_CONVERSION = YES;
				CLANG_WARN_INFINITE_RECURSION = YES;
				CLANG_WARN_INT_CONVERSION = YES;
				CLANG_WARN_NON_LITERAL_NULL_CONVERSION = YES;
				CLANG_WARN_OBJC_IMPLICIT_RETAIN_SELF = YES;
				CLANG_WARN_OBJC_LITERAL_CONVERSION = YES;
				CLANG_WARN_OBJC_ROOT_CLASS = YES_ERROR;
				CLANG_WARN_QUOTED_INCLUDE_IN_FRAMEWORK_HEADER = YES;
				CLANG_WARN_RANGE_LOOP_ANALYSIS = YES;
				CLANG_WARN_STRICT_PROTOTYPES = YES;
				CLANG_WARN_SUSPICIOUS_MOVE = YES;
				CLANG_WARN_UNGUARDED_AVAILABILITY = YES_AGGRESSIVE;
				CLANG_WARN_UNREACHABLE_CODE = YES;
				CLANG_WARN__DUPLICATE_METHOD_MATCH = YES;
				COPY_PHASE_STRIP = NO;
				DEBUG_INFORMATION_FORMAT = dwarf;
				ENABLE_STRICT_OBJC_MSGSEND = YES;
				ENABLE_TESTABILITY = YES;
				GCC_C_LANGUAGE_STANDARD = gnu11;
				GCC_DYNAMIC_NO_PIC = NO;
				GCC_NO_COMMON_BLOCKS = YES;
				GCC_OPTIMIZATION_LEVEL = 0;
				GCC_PREPROCESSOR_DEFINITIONS = (
					"DEBUG=1",
					"$(inherited)",
				);
				GCC_WARN_64_TO_32_BIT_CONVERSION = YES;
				GCC_WARN_ABOUT_RETURN_TYPE = YES_ERROR;
				GCC_WARN_UNDECLARED_SELECTOR = YES;
				GCC_WARN_UNINITIALIZED_AUTOS = YES_AGGRESSIVE;
				GCC_WARN_UNUSED_FUNCTION = YES;
				GCC_WARN_UNUSED_VARIABLE = YES;
				IPHONEOS_DEPLOYMENT_TARGET = 15.5;
				MTL_ENABLE_DEBUG_INFO = INCLUDE_SOURCE;
				MTL_FAST_MATH = YES;
				ONLY_ACTIVE_ARCH = YES;
				SDKROOT = iphoneos;
				SWIFT_ACTIVE_COMPILATION_CONDITIONS = DEBUG;
				SWIFT_OPTIMIZATION_LEVEL = "-Onone";
			};
			name = Debug;
		};
		04863743287B40190056D9CE /* Release */ = {
			isa = XCBuildConfiguration;
			buildSettings = {
				ALWAYS_SEARCH_USER_PATHS = NO;
				CLANG_ANALYZER_NONNULL = YES;
				CLANG_ANALYZER_NUMBER_OBJECT_CONVERSION = YES_AGGRESSIVE;
				CLANG_CXX_LANGUAGE_STANDARD = "gnu++17";
				CLANG_ENABLE_MODULES = YES;
				CLANG_ENABLE_OBJC_ARC = YES;
				CLANG_ENABLE_OBJC_WEAK = YES;
				CLANG_WARN_BLOCK_CAPTURE_AUTORELEASING = YES;
				CLANG_WARN_BOOL_CONVERSION = YES;
				CLANG_WARN_COMMA = YES;
				CLANG_WARN_CONSTANT_CONVERSION = YES;
				CLANG_WARN_DEPRECATED_OBJC_IMPLEMENTATIONS = YES;
				CLANG_WARN_DIRECT_OBJC_ISA_USAGE = YES_ERROR;
				CLANG_WARN_DOCUMENTATION_COMMENTS = YES;
				CLANG_WARN_EMPTY_BODY = YES;
				CLANG_WARN_ENUM_CONVERSION = YES;
				CLANG_WARN_INFINITE_RECURSION = YES;
				CLANG_WARN_INT_CONVERSION = YES;
				CLANG_WARN_NON_LITERAL_NULL_CONVERSION = YES;
				CLANG_WARN_OBJC_IMPLICIT_RETAIN_SELF = YES;
				CLANG_WARN_OBJC_LITERAL_CONVERSION = YES;
				CLANG_WARN_OBJC_ROOT_CLASS = YES_ERROR;
				CLANG_WARN_QUOTED_INCLUDE_IN_FRAMEWORK_HEADER = YES;
				CLANG_WARN_RANGE_LOOP_ANALYSIS = YES;
				CLANG_WARN_STRICT_PROTOTYPES = YES;
				CLANG_WARN_SUSPICIOUS_MOVE = YES;
				CLANG_WARN_UNGUARDED_AVAILABILITY = YES_AGGRESSIVE;
				CLANG_WARN_UNREACHABLE_CODE = YES;
				CLANG_WARN__DUPLICATE_METHOD_MATCH = YES;
				COPY_PHASE_STRIP = NO;
				DEBUG_INFORMATION_FORMAT = "dwarf-with-dsym";
				ENABLE_NS_ASSERTIONS = NO;
				ENABLE_STRICT_OBJC_MSGSEND = YES;
				GCC_C_LANGUAGE_STANDARD = gnu11;
				GCC_NO_COMMON_BLOCKS = YES;
				GCC_WARN_64_TO_32_BIT_CONVERSION = YES;
				GCC_WARN_ABOUT_RETURN_TYPE = YES_ERROR;
				GCC_WARN_UNDECLARED_SELECTOR = YES;
				GCC_WARN_UNINITIALIZED_AUTOS = YES_AGGRESSIVE;
				GCC_WARN_UNUSED_FUNCTION = YES;
				GCC_WARN_UNUSED_VARIABLE = YES;
				IPHONEOS_DEPLOYMENT_TARGET = 15.5;
				MTL_ENABLE_DEBUG_INFO = NO;
				MTL_FAST_MATH = YES;
				SDKROOT = iphoneos;
				SWIFT_COMPILATION_MODE = wholemodule;
				SWIFT_OPTIMIZATION_LEVEL = "-O";
				VALIDATE_PRODUCT = YES;
			};
			name = Release;
		};
		04863745287B40190056D9CE /* Debug */ = {
			isa = XCBuildConfiguration;
			buildSettings = {
				ASSETCATALOG_COMPILER_APPICON_NAME = AppIcon;
				ASSETCATALOG_COMPILER_GLOBAL_ACCENT_COLOR_NAME = AccentColor;
				CODE_SIGN_STYLE = Automatic;
				CURRENT_PROJECT_VERSION = 1;
				DEVELOPMENT_TEAM = 34TG2Y4HBL;
				GENERATE_INFOPLIST_FILE = YES;
				INFOPLIST_FILE = SavingProfileList/Resources/Info.plist;
				INFOPLIST_KEY_UIApplicationSupportsIndirectInputEvents = YES;
				INFOPLIST_KEY_UILaunchStoryboardName = LaunchScreen;
				INFOPLIST_KEY_UIMainStoryboardFile = Main;
				INFOPLIST_KEY_UISupportedInterfaceOrientations_iPad = UIInterfaceOrientationPortrait;
				INFOPLIST_KEY_UISupportedInterfaceOrientations_iPhone = UIInterfaceOrientationPortrait;
				INFOPLIST_KEY_UIUserInterfaceStyle = Dark;
				LD_RUNPATH_SEARCH_PATHS = (
					"$(inherited)",
					"@executable_path/Frameworks",
				);
				MARKETING_VERSION = 1.0;
				PRODUCT_BUNDLE_IDENTIFIER = com.my.SavingProfileList;
				PRODUCT_NAME = "$(TARGET_NAME)";
				SWIFT_EMIT_LOC_STRINGS = YES;
				SWIFT_VERSION = 5.0;
				TARGETED_DEVICE_FAMILY = "1,2";
			};
			name = Debug;
		};
		04863746287B40190056D9CE /* Release */ = {
			isa = XCBuildConfiguration;
			buildSettings = {
				ASSETCATALOG_COMPILER_APPICON_NAME = AppIcon;
				ASSETCATALOG_COMPILER_GLOBAL_ACCENT_COLOR_NAME = AccentColor;
				CODE_SIGN_STYLE = Automatic;
				CURRENT_PROJECT_VERSION = 1;
				DEVELOPMENT_TEAM = 34TG2Y4HBL;
				GENERATE_INFOPLIST_FILE = YES;
				INFOPLIST_FILE = SavingProfileList/Resources/Info.plist;
				INFOPLIST_KEY_UIApplicationSupportsIndirectInputEvents = YES;
				INFOPLIST_KEY_UILaunchStoryboardName = LaunchScreen;
				INFOPLIST_KEY_UIMainStoryboardFile = Main;
				INFOPLIST_KEY_UISupportedInterfaceOrientations_iPad = UIInterfaceOrientationPortrait;
				INFOPLIST_KEY_UISupportedInterfaceOrientations_iPhone = UIInterfaceOrientationPortrait;
				INFOPLIST_KEY_UIUserInterfaceStyle = Dark;
				LD_RUNPATH_SEARCH_PATHS = (
					"$(inherited)",
					"@executable_path/Frameworks",
				);
				MARKETING_VERSION = 1.0;
				PRODUCT_BUNDLE_IDENTIFIER = com.my.SavingProfileList;
				PRODUCT_NAME = "$(TARGET_NAME)";
				SWIFT_EMIT_LOC_STRINGS = YES;
				SWIFT_VERSION = 5.0;
				TARGETED_DEVICE_FAMILY = "1,2";
			};
			name = Release;
		};
/* End XCBuildConfiguration section */

/* Begin XCConfigurationList section */
		04863728287B40170056D9CE /* Build configuration list for PBXProject "SavingProfileList" */ = {
			isa = XCConfigurationList;
			buildConfigurations = (
				04863742287B40190056D9CE /* Debug */,
				04863743287B40190056D9CE /* Release */,
			);
			defaultConfigurationIsVisible = 0;
			defaultConfigurationName = Release;
		};
		04863744287B40190056D9CE /* Build configuration list for PBXNativeTarget "SavingProfileList" */ = {
			isa = XCConfigurationList;
			buildConfigurations = (
				04863745287B40190056D9CE /* Debug */,
				04863746287B40190056D9CE /* Release */,
			);
			defaultConfigurationIsVisible = 0;
			defaultConfigurationName = Release;
		};
/* End XCConfigurationList section */

/* Begin XCVersionGroup section */
		04863739287B40180056D9CE /* SavingProfileList.xcdatamodeld */ = {
			isa = XCVersionGroup;
			children = (
				0486373A287B40180056D9CE /* SavingProfileList.xcdatamodel */,
			);
			currentVersion = 0486373A287B40180056D9CE /* SavingProfileList.xcdatamodel */;
			path = SavingProfileList.xcdatamodeld;
			sourceTree = "<group>";
			versionGroupType = wrapper.xcdatamodel;
		};
/* End XCVersionGroup section */
	};
	rootObject = 04863725287B40170056D9CE /* Project object */;
}
